
Microsoft Visual Studio Solution File, Format Version 12.00
# Visual Studio Version 17
VisualStudioVersion = 17.0.31912.275
MinimumVisualStudioVersion = 10.0.40219.1
Project("{FAE04EC0-301F-11D3-BF4B-00C04F79EFBC}") = "SamuraiApp.Domain", "SamuraiApp.Domain\SamuraiApp.Domain.csproj", "{C9689D7E-0B75-4318-96EF-0DA5CB486CF8}"
EndProject
Project("{FAE04EC0-301F-11D3-BF4B-00C04F79EFBC}") = "SamuraiApp.Data", "SamuraiApp.Data\SamuraiApp.Data.csproj", "{B0CC8AB2-2933-4333-BF17-E4F628A9B076}"
EndProject
Project("{FAE04EC0-301F-11D3-BF4B-00C04F79EFBC}") = "SamuraiApp.UI", "SamuraiApp.UI\SamuraiApp.UI.csproj", "{D390C324-6093-4473-A185-1B55DDC1B613}"
EndProject
Global
	GlobalSection(SolutionConfigurationPlatforms) = preSolution
		Debug|Any CPU = Debug|Any CPU
		Release|Any CPU = Release|Any CPU
	EndGlobalSection
	GlobalSection(ProjectConfigurationPlatforms) = postSolution
		{C9689D7E-0B75-4318-96EF-0DA5CB486CF8}.Debug|Any CPU.ActiveCfg = Debug|Any CPU
		{C9689D7E-0B75-4318-96EF-0DA5CB486CF8}.Debug|Any CPU.Build.0 = Debug|Any CPU
		{C9689D7E-0B75-4318-96EF-0DA5CB486CF8}.Release|Any CPU.ActiveCfg = Release|Any CPU
		{C9689D7E-0B75-4318-96EF-0DA5CB486CF8}.Release|Any CPU.Build.0 = Release|Any CPU
		{B0CC8AB2-2933-4333-BF17-E4F628A9B076}.Debug|Any CPU.ActiveCfg = Debug|Any CPU
		{B0CC8AB2-2933-4333-BF17-E4F628A9B076}.Debug|Any CPU.Build.0 = Debug|Any CPU
		{B0CC8AB2-2933-4333-BF17-E4F628A9B076}.Release|Any CPU.ActiveCfg = Release|Any CPU
		{B0CC8AB2-2933-4333-BF17-E4F628A9B076}.Release|Any CPU.Build.0 = Release|Any CPU
		{D390C324-6093-4473-A185-1B55DDC1B613}.Debug|Any CPU.ActiveCfg = Debug|Any CPU
		{D390C324-6093-4473-A185-1B55DDC1B613}.Debug|Any CPU.Build.0 = Debug|Any CPU
		{D390C324-6093-4473-A185-1B55DDC1B613}.Release|Any CPU.ActiveCfg = Release|Any CPU
		{D390C324-6093-4473-A185-1B55DDC1B613}.Release|Any CPU.Build.0 = Release|Any CPU
	EndGlobalSection
	GlobalSection(SolutionProperties) = preSolution
		HideSolutionNode = FALSE
	EndGlobalSection
	GlobalSection(ExtensibilityGlobals) = postSolution
		SolutionGuid = {427980EC-88F7-47BB-BEDB-2314212053B6}
	EndGlobalSection
EndGlobal
